
Microsoft Visual Studio Solution File, Format Version 12.00
# Visual Studio Version 17
VisualStudioVersion = 17.10.35122.118
MinimumVisualStudioVersion = 10.0.40219.1
Project("{FAE04EC0-301F-11D3-BF4B-00C04F79EFBC}") = "DesignPatterns", "DesignPatterns\DesignPatterns.csproj", "{76800E7D-52CF-4079-82E7-7B7918B93B90}"
EndProject
Global
	GlobalSection(SolutionConfigurationPlatforms) = preSolution
		Debug|Any CPU = Debug|Any CPU
		Release|Any CPU = Release|Any CPU
	EndGlobalSection
	GlobalSection(ProjectConfigurationPlatforms) = postSolution
		{76800E7D-52CF-4079-82E7-7B7918B93B90}.Debug|Any CPU.ActiveCfg = Debug|Any CPU
		{76800E7D-52CF-4079-82E7-7B7918B93B90}.Debug|Any CPU.Build.0 = Debug|Any CPU
		{76800E7D-52CF-4079-82E7-7B7918B93B90}.Release|Any CPU.ActiveCfg = Release|Any CPU
		{76800E7D-52CF-4079-82E7-7B7918B93B90}.Release|Any CPU.Build.0 = Release|Any CPU
	EndGlobalSection
	GlobalSection(SolutionProperties) = preSolution
		HideSolutionNode = FALSE
	EndGlobalSection
	GlobalSection(ExtensibilityGlobals) = postSolution
		SolutionGuid = {23E83FCD-AAE0-4EFE-A35D-5AE8F6A067C9}
	EndGlobalSection
EndGlobal
